{
  "name": "tooltipexample",
  "version": "1.0.0",
  "lockfileVersion": 1,
  "requires": true,
  "dependencies": {
    "@kamenskii/tooltip": {
      "version": "1.0.6",
      "resolved": "https://registry.npmjs.org/@kamenskii/tooltip/-/tooltip-1.0.6.tgz",
      "integrity": "sha512-5CvMx04YQktQ3dE8r0+rZ85ju0vZmdPLaBpYuwbXEcuUsMLyJxVb55RFobPw3+OBaiWxt+alZXthswy522ikEA=="
    }
  }
}
